<Solution>
  <Project Path="fencemark.ApiService/fencemark.ApiService.csproj" />
  <Project Path="fencemark.AppHost/fencemark.AppHost.csproj" />
  <Project Path="fencemark.ServiceDefaults/fencemark.ServiceDefaults.csproj" />
  <Project Path="fencemark.Tests/fencemark.Tests.csproj" />
  <Project Path="fencemark.Web/fencemark.Web.csproj" />
</Solution>
